
Microsoft Visual Studio Solution File, Format Version 12.00
# Visual Studio Version 16
VisualStudioVersion = 16.0.31321.278
MinimumVisualStudioVersion = 10.0.40219.1
Project("{FAE04EC0-301F-11D3-BF4B-00C04F79EFBC}") = "MVC.AT-Azure", "MVC.AT-Azure\MVC.AT-Azure.csproj", "{65478969-5D63-41DF-96D2-3DF520EA2D5A}"
EndProject
Project("{FAE04EC0-301F-11D3-BF4B-00C04F79EFBC}") = "Func.AT-Azure", "Func.AT-Azure\Func.AT-Azure.csproj", "{220F8A64-B15B-490A-A40A-FA18E3D4D84E}"
EndProject
Project("{FAE04EC0-301F-11D3-BF4B-00C04F79EFBC}") = "Infra", "Infra\Infra.csproj", "{853637EE-7486-425E-AD6A-01A1C3A6E7D1}"
EndProject
Global
	GlobalSection(SolutionConfigurationPlatforms) = preSolution
		Debug|Any CPU = Debug|Any CPU
		Release|Any CPU = Release|Any CPU
	EndGlobalSection
	GlobalSection(ProjectConfigurationPlatforms) = postSolution
		{65478969-5D63-41DF-96D2-3DF520EA2D5A}.Debug|Any CPU.ActiveCfg = Debug|Any CPU
		{65478969-5D63-41DF-96D2-3DF520EA2D5A}.Debug|Any CPU.Build.0 = Debug|Any CPU
		{65478969-5D63-41DF-96D2-3DF520EA2D5A}.Release|Any CPU.ActiveCfg = Release|Any CPU
		{65478969-5D63-41DF-96D2-3DF520EA2D5A}.Release|Any CPU.Build.0 = Release|Any CPU
		{220F8A64-B15B-490A-A40A-FA18E3D4D84E}.Debug|Any CPU.ActiveCfg = Debug|Any CPU
		{220F8A64-B15B-490A-A40A-FA18E3D4D84E}.Debug|Any CPU.Build.0 = Debug|Any CPU
		{220F8A64-B15B-490A-A40A-FA18E3D4D84E}.Release|Any CPU.ActiveCfg = Release|Any CPU
		{220F8A64-B15B-490A-A40A-FA18E3D4D84E}.Release|Any CPU.Build.0 = Release|Any CPU
		{853637EE-7486-425E-AD6A-01A1C3A6E7D1}.Debug|Any CPU.ActiveCfg = Debug|Any CPU
		{853637EE-7486-425E-AD6A-01A1C3A6E7D1}.Debug|Any CPU.Build.0 = Debug|Any CPU
		{853637EE-7486-425E-AD6A-01A1C3A6E7D1}.Release|Any CPU.ActiveCfg = Release|Any CPU
		{853637EE-7486-425E-AD6A-01A1C3A6E7D1}.Release|Any CPU.Build.0 = Release|Any CPU
	EndGlobalSection
	GlobalSection(SolutionProperties) = preSolution
		HideSolutionNode = FALSE
	EndGlobalSection
	GlobalSection(ExtensibilityGlobals) = postSolution
		SolutionGuid = {468B32B8-07C9-4200-B6DB-F16831BA8766}
	EndGlobalSection
EndGlobal
